# This file is automatically @generated by Cargo.
# It is not intended for manual editing.
version = 3

[[package]]
name = "RustTest"
version = "0.1.0"
dependencies = [
 "write-json",
]

[[package]]
name = "write-json"
version = "0.1.2"
source = "registry+https://github.com/rust-lang/crates.io-index"
checksum = "06069a848f95fceae3e5e03c0ddc8cb78452b56654ee0c8e68f938cf790fb9e3"
